<?xml version="1.0" encoding="utf-8"?>
<Project ToolsVersion="17.0" xmlns="http://schemas.microsoft.com/developer/msbuild/2003">
  <ItemGroup>
    <ClCompile Include="C:\Users\almax\source\repos\Lesson11\Task5\8_2.cpp">
      <Filter>Source Files</Filter>
    </ClCompile>
  </ItemGroup>
  <ItemGroup>
    <CustomBuild Include="C:\Users\almax\source\repos\Lesson11\Task5\CMakeLists.txt" />
  </ItemGroup>
  <ItemGroup>
    <Filter Include="Source Files">
      <UniqueIdentifier>{7F58D7DF-DAC3-3765-8C4E-143E7F85493F}</UniqueIdentifier>
    </Filter>
  </ItemGroup>
</Project>
