<?xml version="1.0" encoding="utf-8"?>
<Project ToolsVersion="17.0" xmlns="http://schemas.microsoft.com/developer/msbuild/2003">
  <ItemGroup>
    <CustomBuild Include="C:\Users\almax\source\repos\Lesson11\Task5\CMakeFiles\e02333c118562324e7fb9bd1762adbfc\generate.stamp.rule">
      <Filter>CMake Rules</Filter>
    </CustomBuild>
  </ItemGroup>
  <ItemGroup>
    <Filter Include="CMake Rules">
      <UniqueIdentifier>{34A0843A-F5CC-39F9-A66F-B523BB680F3E}</UniqueIdentifier>
    </Filter>
  </ItemGroup>
</Project>
